// !$*UTF8*$!
{
	archiveVersion = 1;
	classes = {
	};
	objectVersion = 56;
	objects = {

/* Begin PBXBuildFile section */
		2F1FD26F2ABA316B00EB383F /* WineTypePicker.swift in Sources */ = {isa = PBXBuildFile; fileRef = 2F1FD26E2ABA316B00EB383F /* WineTypePicker.swift */; };
		2F1FD2712ABA332500EB383F /* FilterView.swift in Sources */ = {isa = PBXBuildFile; fileRef = 2F1FD2702ABA332500EB383F /* FilterView.swift */; };
		2F1FD2732ABA35E900EB383F /* SortOrder.swift in Sources */ = {isa = PBXBuildFile; fileRef = 2F1FD2722ABA35E900EB383F /* SortOrder.swift */; };
		2F1FD2752ABA369900EB383F /* SortByPicker.swift in Sources */ = {isa = PBXBuildFile; fileRef = 2F1FD2742ABA369900EB383F /* SortByPicker.swift */; };
		2F33B4AA2AB9D73500F2EB7C /* WineCellarApp.swift in Sources */ = {isa = PBXBuildFile; fileRef = 2F33B4A92AB9D73500F2EB7C /* WineCellarApp.swift */; };
		2F33B4AE2AB9D73800F2EB7C /* Assets.xcassets in Resources */ = {isa = PBXBuildFile; fileRef = 2F33B4AD2AB9D73800F2EB7C /* Assets.xcassets */; };
		2F33B4B12AB9D73800F2EB7C /* Preview Assets.xcassets in Resources */ = {isa = PBXBuildFile; fileRef = 2F33B4B02AB9D73800F2EB7C /* Preview Assets.xcassets */; };
		2F33B4B32AB9D73800F2EB7C /* Persistence.swift in Sources */ = {isa = PBXBuildFile; fileRef = 2F33B4B22AB9D73800F2EB7C /* Persistence.swift */; };
		2F33B4B62AB9D73800F2EB7C /* WineCellar.xcdatamodeld in Sources */ = {isa = PBXBuildFile; fileRef = 2F33B4B42AB9D73800F2EB7C /* WineCellar.xcdatamodeld */; };
		2F33B4C02AB9D73800F2EB7C /* WineCellarTests.swift in Sources */ = {isa = PBXBuildFile; fileRef = 2F33B4BF2AB9D73800F2EB7C /* WineCellarTests.swift */; };
		2F33B4CA2AB9D73800F2EB7C /* WineCellarUITests.swift in Sources */ = {isa = PBXBuildFile; fileRef = 2F33B4C92AB9D73800F2EB7C /* WineCellarUITests.swift */; };
		2F33B4CC2AB9D73800F2EB7C /* WineCellarUITestsLaunchTests.swift in Sources */ = {isa = PBXBuildFile; fileRef = 2F33B4CB2AB9D73800F2EB7C /* WineCellarUITestsLaunchTests.swift */; };
		2F33B4DD2AB9D7B900F2EB7C /* AppState.swift in Sources */ = {isa = PBXBuildFile; fileRef = 2F33B4DC2AB9D7B900F2EB7C /* AppState.swift */; };
		2F33B4DF2AB9D83900F2EB7C /* MasterView.swift in Sources */ = {isa = PBXBuildFile; fileRef = 2F33B4DE2AB9D83900F2EB7C /* MasterView.swift */; };
		2FAC85DD2ABB091300F41466 /* WineModel.swift in Sources */ = {isa = PBXBuildFile; fileRef = 2FAC85DC2ABB091300F41466 /* WineModel.swift */; };
		2FC2A46B2AB9E9C800E7CB90 /* WineType.swift in Sources */ = {isa = PBXBuildFile; fileRef = 2FC2A46A2AB9E9C800E7CB90 /* WineType.swift */; };
		2FC2A46F2AB9F75300E7CB90 /* ShoppingCart.swift in Sources */ = {isa = PBXBuildFile; fileRef = 2FC2A46E2AB9F75300E7CB90 /* ShoppingCart.swift */; };
		2FC2A4712ABA013B00E7CB90 /* Route.swift in Sources */ = {isa = PBXBuildFile; fileRef = 2FC2A4702ABA013B00E7CB90 /* Route.swift */; };
		2FC2A4732ABA016000E7CB90 /* Wine.swift in Sources */ = {isa = PBXBuildFile; fileRef = 2FC2A4722ABA016000E7CB90 /* Wine.swift */; };
		2FC2A4752ABA017D00E7CB90 /* NewWine.swift in Sources */ = {isa = PBXBuildFile; fileRef = 2FC2A4742ABA017D00E7CB90 /* NewWine.swift */; };
		2FC2A4772ABA019300E7CB90 /* User.swift in Sources */ = {isa = PBXBuildFile; fileRef = 2FC2A4762ABA019300E7CB90 /* User.swift */; };
		2FC2A4792ABA026C00E7CB90 /* WineDetail.swift in Sources */ = {isa = PBXBuildFile; fileRef = 2FC2A4782ABA026C00E7CB90 /* WineDetail.swift */; };
		2FC2A47B2ABA02BC00E7CB90 /* NewWineDetail.swift in Sources */ = {isa = PBXBuildFile; fileRef = 2FC2A47A2ABA02BC00E7CB90 /* NewWineDetail.swift */; };
		2FC2A47D2ABA06B300E7CB90 /* SearchView.swift in Sources */ = {isa = PBXBuildFile; fileRef = 2FC2A47C2ABA06B300E7CB90 /* SearchView.swift */; };
		2FC2A47F2ABA07D400E7CB90 /* NavigationStore.swift in Sources */ = {isa = PBXBuildFile; fileRef = 2FC2A47E2ABA07D400E7CB90 /* NavigationStore.swift */; };
		2FC2A4872ABA0FFD00E7CB90 /* WidgetKit.framework in Frameworks */ = {isa = PBXBuildFile; fileRef = 2FC2A4862ABA0FFD00E7CB90 /* WidgetKit.framework */; };
		2FC2A4892ABA0FFD00E7CB90 /* SwiftUI.framework in Frameworks */ = {isa = PBXBuildFile; fileRef = 2FC2A4882ABA0FFD00E7CB90 /* SwiftUI.framework */; };
		2FC2A48C2ABA0FFD00E7CB90 /* WineCellerNewWineBundle.swift in Sources */ = {isa = PBXBuildFile; fileRef = 2FC2A48B2ABA0FFD00E7CB90 /* WineCellerNewWineBundle.swift */; };
		2FC2A48E2ABA0FFD00E7CB90 /* WineCellerNewWine.swift in Sources */ = {isa = PBXBuildFile; fileRef = 2FC2A48D2ABA0FFD00E7CB90 /* WineCellerNewWine.swift */; };
		2FC2A4902ABA0FFF00E7CB90 /* Assets.xcassets in Resources */ = {isa = PBXBuildFile; fileRef = 2FC2A48F2ABA0FFF00E7CB90 /* Assets.xcassets */; };
		2FC2A4942ABA0FFF00E7CB90 /* WineCellerNewWineExtension.appex in Embed Foundation Extensions */ = {isa = PBXBuildFile; fileRef = 2FC2A4842ABA0FFD00E7CB90 /* WineCellerNewWineExtension.appex */; settings = {ATTRIBUTES = (RemoveHeadersOnCopy, ); }; };
		2FC2A4992ABA109500E7CB90 /* NewWine.swift in Sources */ = {isa = PBXBuildFile; fileRef = 2FC2A4742ABA017D00E7CB90 /* NewWine.swift */; };
		2FC2A49A2ABA10DA00E7CB90 /* WineType.swift in Sources */ = {isa = PBXBuildFile; fileRef = 2FC2A46A2AB9E9C800E7CB90 /* WineType.swift */; };
/* End PBXBuildFile section */

/* Begin PBXContainerItemProxy section */
		2F33B4BC2AB9D73800F2EB7C /* PBXContainerItemProxy */ = {
			isa = PBXContainerItemProxy;
			containerPortal = 2F33B49E2AB9D73500F2EB7C /* Project object */;
			proxyType = 1;
			remoteGlobalIDString = 2F33B4A52AB9D73500F2EB7C;
			remoteInfo = WineCellar;
		};
		2F33B4C62AB9D73800F2EB7C /* PBXContainerItemProxy */ = {
			isa = PBXContainerItemProxy;
			containerPortal = 2F33B49E2AB9D73500F2EB7C /* Project object */;
			proxyType = 1;
			remoteGlobalIDString = 2F33B4A52AB9D73500F2EB7C;
			remoteInfo = WineCellar;
		};
		2FC2A4922ABA0FFF00E7CB90 /* PBXContainerItemProxy */ = {
			isa = PBXContainerItemProxy;
			containerPortal = 2F33B49E2AB9D73500F2EB7C /* Project object */;
			proxyType = 1;
			remoteGlobalIDString = 2FC2A4832ABA0FFD00E7CB90;
			remoteInfo = WineCellerNewWineExtension;
		};
/* End PBXContainerItemProxy section */

/* Begin PBXCopyFilesBuildPhase section */
		2FC2A4982ABA0FFF00E7CB90 /* Embed Foundation Extensions */ = {
			isa = PBXCopyFilesBuildPhase;
			buildActionMask = 2147483647;
			dstPath = "";
			dstSubfolderSpec = 13;
			files = (
				2FC2A4942ABA0FFF00E7CB90 /* WineCellerNewWineExtension.appex in Embed Foundation Extensions */,
			);
			name = "Embed Foundation Extensions";
			runOnlyForDeploymentPostprocessing = 0;
		};
/* End PBXCopyFilesBuildPhase section */

/* Begin PBXFileReference section */
		2F1FD26E2ABA316B00EB383F /* WineTypePicker.swift */ = {isa = PBXFileReference; fileEncoding = 4; lastKnownFileType = sourcecode.swift; path = WineTypePicker.swift; sourceTree = "<group>"; };
		2F1FD2702ABA332500EB383F /* FilterView.swift */ = {isa = PBXFileReference; lastKnownFileType = sourcecode.swift; path = FilterView.swift; sourceTree = "<group>"; };
		2F1FD2722ABA35E900EB383F /* SortOrder.swift */ = {isa = PBXFileReference; lastKnownFileType = sourcecode.swift; path = SortOrder.swift; sourceTree = "<group>"; };
		2F1FD2742ABA369900EB383F /* SortByPicker.swift */ = {isa = PBXFileReference; lastKnownFileType = sourcecode.swift; path = SortByPicker.swift; sourceTree = "<group>"; };
		2F33B4A62AB9D73500F2EB7C /* WineCellar.app */ = {isa = PBXFileReference; explicitFileType = wrapper.application; includeInIndex = 0; path = WineCellar.app; sourceTree = BUILT_PRODUCTS_DIR; };
		2F33B4A92AB9D73500F2EB7C /* WineCellarApp.swift */ = {isa = PBXFileReference; lastKnownFileType = sourcecode.swift; path = WineCellarApp.swift; sourceTree = "<group>"; };
		2F33B4AD2AB9D73800F2EB7C /* Assets.xcassets */ = {isa = PBXFileReference; lastKnownFileType = folder.assetcatalog; path = Assets.xcassets; sourceTree = "<group>"; };
		2F33B4B02AB9D73800F2EB7C /* Preview Assets.xcassets */ = {isa = PBXFileReference; lastKnownFileType = folder.assetcatalog; path = "Preview Assets.xcassets"; sourceTree = "<group>"; };
		2F33B4B22AB9D73800F2EB7C /* Persistence.swift */ = {isa = PBXFileReference; lastKnownFileType = sourcecode.swift; path = Persistence.swift; sourceTree = "<group>"; };
		2F33B4B52AB9D73800F2EB7C /* WineCellar.xcdatamodel */ = {isa = PBXFileReference; lastKnownFileType = wrapper.xcdatamodel; path = WineCellar.xcdatamodel; sourceTree = "<group>"; };
		2F33B4BB2AB9D73800F2EB7C /* WineCellarTests.xctest */ = {isa = PBXFileReference; explicitFileType = wrapper.cfbundle; includeInIndex = 0; path = WineCellarTests.xctest; sourceTree = BUILT_PRODUCTS_DIR; };
		2F33B4BF2AB9D73800F2EB7C /* WineCellarTests.swift */ = {isa = PBXFileReference; lastKnownFileType = sourcecode.swift; path = WineCellarTests.swift; sourceTree = "<group>"; };
		2F33B4C52AB9D73800F2EB7C /* WineCellarUITests.xctest */ = {isa = PBXFileReference; explicitFileType = wrapper.cfbundle; includeInIndex = 0; path = WineCellarUITests.xctest; sourceTree = BUILT_PRODUCTS_DIR; };
		2F33B4C92AB9D73800F2EB7C /* WineCellarUITests.swift */ = {isa = PBXFileReference; lastKnownFileType = sourcecode.swift; path = WineCellarUITests.swift; sourceTree = "<group>"; };
		2F33B4CB2AB9D73800F2EB7C /* WineCellarUITestsLaunchTests.swift */ = {isa = PBXFileReference; lastKnownFileType = sourcecode.swift; path = WineCellarUITestsLaunchTests.swift; sourceTree = "<group>"; };
		2F33B4D82AB9D74D00F2EB7C /* README.md */ = {isa = PBXFileReference; lastKnownFileType = net.daringfireball.markdown; path = README.md; sourceTree = "<group>"; };
		2F33B4DC2AB9D7B900F2EB7C /* AppState.swift */ = {isa = PBXFileReference; lastKnownFileType = sourcecode.swift; path = AppState.swift; sourceTree = "<group>"; };
		2F33B4DE2AB9D83900F2EB7C /* MasterView.swift */ = {isa = PBXFileReference; lastKnownFileType = sourcecode.swift; path = MasterView.swift; sourceTree = "<group>"; };
		2FAC85DC2ABB091300F41466 /* WineModel.swift */ = {isa = PBXFileReference; lastKnownFileType = sourcecode.swift; path = WineModel.swift; sourceTree = "<group>"; };
		2FC2A46A2AB9E9C800E7CB90 /* WineType.swift */ = {isa = PBXFileReference; lastKnownFileType = sourcecode.swift; path = WineType.swift; sourceTree = "<group>"; };
		2FC2A46E2AB9F75300E7CB90 /* ShoppingCart.swift */ = {isa = PBXFileReference; lastKnownFileType = sourcecode.swift; path = ShoppingCart.swift; sourceTree = "<group>"; };
		2FC2A4702ABA013B00E7CB90 /* Route.swift */ = {isa = PBXFileReference; lastKnownFileType = sourcecode.swift; path = Route.swift; sourceTree = "<group>"; };
		2FC2A4722ABA016000E7CB90 /* Wine.swift */ = {isa = PBXFileReference; lastKnownFileType = sourcecode.swift; path = Wine.swift; sourceTree = "<group>"; };
		2FC2A4742ABA017D00E7CB90 /* NewWine.swift */ = {isa = PBXFileReference; lastKnownFileType = sourcecode.swift; path = NewWine.swift; sourceTree = "<group>"; };
		2FC2A4762ABA019300E7CB90 /* User.swift */ = {isa = PBXFileReference; lastKnownFileType = sourcecode.swift; path = User.swift; sourceTree = "<group>"; };
		2FC2A4782ABA026C00E7CB90 /* WineDetail.swift */ = {isa = PBXFileReference; lastKnownFileType = sourcecode.swift; path = WineDetail.swift; sourceTree = "<group>"; };
		2FC2A47A2ABA02BC00E7CB90 /* NewWineDetail.swift */ = {isa = PBXFileReference; lastKnownFileType = sourcecode.swift; path = NewWineDetail.swift; sourceTree = "<group>"; };
		2FC2A47C2ABA06B300E7CB90 /* SearchView.swift */ = {isa = PBXFileReference; lastKnownFileType = sourcecode.swift; path = SearchView.swift; sourceTree = "<group>"; };
		2FC2A47E2ABA07D400E7CB90 /* NavigationStore.swift */ = {isa = PBXFileReference; lastKnownFileType = sourcecode.swift; path = NavigationStore.swift; sourceTree = "<group>"; };
		2FC2A4842ABA0FFD00E7CB90 /* WineCellerNewWineExtension.appex */ = {isa = PBXFileReference; explicitFileType = "wrapper.app-extension"; includeInIndex = 0; path = WineCellerNewWineExtension.appex; sourceTree = BUILT_PRODUCTS_DIR; };
		2FC2A4862ABA0FFD00E7CB90 /* WidgetKit.framework */ = {isa = PBXFileReference; lastKnownFileType = wrapper.framework; name = WidgetKit.framework; path = System/Library/Frameworks/WidgetKit.framework; sourceTree = SDKROOT; };
		2FC2A4882ABA0FFD00E7CB90 /* SwiftUI.framework */ = {isa = PBXFileReference; lastKnownFileType = wrapper.framework; name = SwiftUI.framework; path = System/Library/Frameworks/SwiftUI.framework; sourceTree = SDKROOT; };
		2FC2A48B2ABA0FFD00E7CB90 /* WineCellerNewWineBundle.swift */ = {isa = PBXFileReference; lastKnownFileType = sourcecode.swift; path = WineCellerNewWineBundle.swift; sourceTree = "<group>"; };
		2FC2A48D2ABA0FFD00E7CB90 /* WineCellerNewWine.swift */ = {isa = PBXFileReference; lastKnownFileType = sourcecode.swift; path = WineCellerNewWine.swift; sourceTree = "<group>"; };
		2FC2A48F2ABA0FFF00E7CB90 /* Assets.xcassets */ = {isa = PBXFileReference; lastKnownFileType = folder.assetcatalog; path = Assets.xcassets; sourceTree = "<group>"; };
		2FC2A4912ABA0FFF00E7CB90 /* Info.plist */ = {isa = PBXFileReference; lastKnownFileType = text.plist.xml; path = Info.plist; sourceTree = "<group>"; };
/* End PBXFileReference section */

/* Begin PBXFrameworksBuildPhase section */
		2F33B4A32AB9D73500F2EB7C /* Frameworks */ = {
			isa = PBXFrameworksBuildPhase;
			buildActionMask = 2147483647;
			files = (
			);
			runOnlyForDeploymentPostprocessing = 0;
		};
		2F33B4B82AB9D73800F2EB7C /* Frameworks */ = {
			isa = PBXFrameworksBuildPhase;
			buildActionMask = 2147483647;
			files = (
			);
			runOnlyForDeploymentPostprocessing = 0;
		};
		2F33B4C22AB9D73800F2EB7C /* Frameworks */ = {
			isa = PBXFrameworksBuildPhase;
			buildActionMask = 2147483647;
			files = (
			);
			runOnlyForDeploymentPostprocessing = 0;
		};
		2FC2A4812ABA0FFD00E7CB90 /* Frameworks */ = {
			isa = PBXFrameworksBuildPhase;
			buildActionMask = 2147483647;
			files = (
				2FC2A4892ABA0FFD00E7CB90 /* SwiftUI.framework in Frameworks */,
				2FC2A4872ABA0FFD00E7CB90 /* WidgetKit.framework in Frameworks */,
			);
			runOnlyForDeploymentPostprocessing = 0;
		};
/* End PBXFrameworksBuildPhase section */

/* Begin PBXGroup section */
		2F33B49D2AB9D73500F2EB7C = {
			isa = PBXGroup;
			children = (
				2F33B4D82AB9D74D00F2EB7C /* README.md */,
				2F33B4A82AB9D73500F2EB7C /* WineCellar */,
				2F33B4BE2AB9D73800F2EB7C /* WineCellarTests */,
				2F33B4C82AB9D73800F2EB7C /* WineCellarUITests */,
				2FC2A48A2ABA0FFD00E7CB90 /* WineCellerNewWine */,
				2FC2A4852ABA0FFD00E7CB90 /* Frameworks */,
				2F33B4A72AB9D73500F2EB7C /* Products */,
			);
			sourceTree = "<group>";
		};
		2F33B4A72AB9D73500F2EB7C /* Products */ = {
			isa = PBXGroup;
			children = (
				2F33B4A62AB9D73500F2EB7C /* WineCellar.app */,
				2F33B4BB2AB9D73800F2EB7C /* WineCellarTests.xctest */,
				2F33B4C52AB9D73800F2EB7C /* WineCellarUITests.xctest */,
				2FC2A4842ABA0FFD00E7CB90 /* WineCellerNewWineExtension.appex */,
			);
			name = Products;
			sourceTree = "<group>";
		};
		2F33B4A82AB9D73500F2EB7C /* WineCellar */ = {
			isa = PBXGroup;
			children = (
				2F33B4DB2AB9D77F00F2EB7C /* Views */,
				2F33B4D92AB9D76500F2EB7C /* Models */,
				2F33B4A92AB9D73500F2EB7C /* WineCellarApp.swift */,
				2F33B4AD2AB9D73800F2EB7C /* Assets.xcassets */,
				2F33B4AF2AB9D73800F2EB7C /* Preview Content */,
			);
			path = WineCellar;
			sourceTree = "<group>";
		};
		2F33B4AF2AB9D73800F2EB7C /* Preview Content */ = {
			isa = PBXGroup;
			children = (
				2F33B4B02AB9D73800F2EB7C /* Preview Assets.xcassets */,
			);
			path = "Preview Content";
			sourceTree = "<group>";
		};
		2F33B4BE2AB9D73800F2EB7C /* WineCellarTests */ = {
			isa = PBXGroup;
			children = (
				2F33B4BF2AB9D73800F2EB7C /* WineCellarTests.swift */,
			);
			path = WineCellarTests;
			sourceTree = "<group>";
		};
		2F33B4C82AB9D73800F2EB7C /* WineCellarUITests */ = {
			isa = PBXGroup;
			children = (
				2F33B4C92AB9D73800F2EB7C /* WineCellarUITests.swift */,
				2F33B4CB2AB9D73800F2EB7C /* WineCellarUITestsLaunchTests.swift */,
			);
			path = WineCellarUITests;
			sourceTree = "<group>";
		};
		2F33B4D92AB9D76500F2EB7C /* Models */ = {
			isa = PBXGroup;
			children = (
				2F33B4DA2AB9D76D00F2EB7C /* CoreData */,
				2F33B4DC2AB9D7B900F2EB7C /* AppState.swift */,
				2F1FD2722ABA35E900EB383F /* SortOrder.swift */,
				2FC2A47E2ABA07D400E7CB90 /* NavigationStore.swift */,
				2FC2A4742ABA017D00E7CB90 /* NewWine.swift */,
				2FC2A4702ABA013B00E7CB90 /* Route.swift */,
				2FC2A4762ABA019300E7CB90 /* User.swift */,
				2FC2A4722ABA016000E7CB90 /* Wine.swift */,
				2FC2A46A2AB9E9C800E7CB90 /* WineType.swift */,
			);
			path = Models;
			sourceTree = "<group>";
		};
		2F33B4DA2AB9D76D00F2EB7C /* CoreData */ = {
			isa = PBXGroup;
			children = (
				2F33B4B22AB9D73800F2EB7C /* Persistence.swift */,
				2F33B4B42AB9D73800F2EB7C /* WineCellar.xcdatamodeld */,
				2FAC85DC2ABB091300F41466 /* WineModel.swift */,
			);
			path = CoreData;
			sourceTree = "<group>";
		};
		2F33B4DB2AB9D77F00F2EB7C /* Views */ = {
			isa = PBXGroup;
			children = (
				2F1FD2702ABA332500EB383F /* FilterView.swift */,
				2F33B4DE2AB9D83900F2EB7C /* MasterView.swift */,
				2FC2A47A2ABA02BC00E7CB90 /* NewWineDetail.swift */,
				2FC2A47C2ABA06B300E7CB90 /* SearchView.swift */,
				2FC2A46E2AB9F75300E7CB90 /* ShoppingCart.swift */,
				2F1FD2742ABA369900EB383F /* SortByPicker.swift */,
				2FC2A4782ABA026C00E7CB90 /* WineDetail.swift */,
				2F1FD26E2ABA316B00EB383F /* WineTypePicker.swift */,
			);
			path = Views;
			sourceTree = "<group>";
		};
		2FC2A4852ABA0FFD00E7CB90 /* Frameworks */ = {
			isa = PBXGroup;
			children = (
				2FC2A4862ABA0FFD00E7CB90 /* WidgetKit.framework */,
				2FC2A4882ABA0FFD00E7CB90 /* SwiftUI.framework */,
			);
			name = Frameworks;
			sourceTree = "<group>";
		};
		2FC2A48A2ABA0FFD00E7CB90 /* WineCellerNewWine */ = {
			isa = PBXGroup;
			children = (
				2FC2A48B2ABA0FFD00E7CB90 /* WineCellerNewWineBundle.swift */,
				2FC2A48D2ABA0FFD00E7CB90 /* WineCellerNewWine.swift */,
				2FC2A48F2ABA0FFF00E7CB90 /* Assets.xcassets */,
				2FC2A4912ABA0FFF00E7CB90 /* Info.plist */,
			);
			path = WineCellerNewWine;
			sourceTree = "<group>";
		};
/* End PBXGroup section */

/* Begin PBXNativeTarget section */
		2F33B4A52AB9D73500F2EB7C /* WineCellar */ = {
			isa = PBXNativeTarget;
			buildConfigurationList = 2F33B4CF2AB9D73800F2EB7C /* Build configuration list for PBXNativeTarget "WineCellar" */;
			buildPhases = (
				2F33B4A22AB9D73500F2EB7C /* Sources */,
				2F33B4A32AB9D73500F2EB7C /* Frameworks */,
				2F33B4A42AB9D73500F2EB7C /* Resources */,
				2FC2A4982ABA0FFF00E7CB90 /* Embed Foundation Extensions */,
			);
			buildRules = (
			);
			dependencies = (
				2FC2A4932ABA0FFF00E7CB90 /* PBXTargetDependency */,
			);
			name = WineCellar;
			productName = WineCellar;
			productReference = 2F33B4A62AB9D73500F2EB7C /* WineCellar.app */;
			productType = "com.apple.product-type.application";
		};
		2F33B4BA2AB9D73800F2EB7C /* WineCellarTests */ = {
			isa = PBXNativeTarget;
			buildConfigurationList = 2F33B4D22AB9D73800F2EB7C /* Build configuration list for PBXNativeTarget "WineCellarTests" */;
			buildPhases = (
				2F33B4B72AB9D73800F2EB7C /* Sources */,
				2F33B4B82AB9D73800F2EB7C /* Frameworks */,
				2F33B4B92AB9D73800F2EB7C /* Resources */,
			);
			buildRules = (
			);
			dependencies = (
				2F33B4BD2AB9D73800F2EB7C /* PBXTargetDependency */,
			);
			name = WineCellarTests;
			productName = WineCellarTests;
			productReference = 2F33B4BB2AB9D73800F2EB7C /* WineCellarTests.xctest */;
			productType = "com.apple.product-type.bundle.unit-test";
		};
		2F33B4C42AB9D73800F2EB7C /* WineCellarUITests */ = {
			isa = PBXNativeTarget;
			buildConfigurationList = 2F33B4D52AB9D73800F2EB7C /* Build configuration list for PBXNativeTarget "WineCellarUITests" */;
			buildPhases = (
				2F33B4C12AB9D73800F2EB7C /* Sources */,
				2F33B4C22AB9D73800F2EB7C /* Frameworks */,
				2F33B4C32AB9D73800F2EB7C /* Resources */,
			);
			buildRules = (
			);
			dependencies = (
				2F33B4C72AB9D73800F2EB7C /* PBXTargetDependency */,
			);
			name = WineCellarUITests;
			productName = WineCellarUITests;
			productReference = 2F33B4C52AB9D73800F2EB7C /* WineCellarUITests.xctest */;
			productType = "com.apple.product-type.bundle.ui-testing";
		};
		2FC2A4832ABA0FFD00E7CB90 /* WineCellerNewWineExtension */ = {
			isa = PBXNativeTarget;
			buildConfigurationList = 2FC2A4952ABA0FFF00E7CB90 /* Build configuration list for PBXNativeTarget "WineCellerNewWineExtension" */;
			buildPhases = (
				2FC2A4802ABA0FFD00E7CB90 /* Sources */,
				2FC2A4812ABA0FFD00E7CB90 /* Frameworks */,
				2FC2A4822ABA0FFD00E7CB90 /* Resources */,
			);
			buildRules = (
			);
			dependencies = (
			);
			name = WineCellerNewWineExtension;
			productName = WineCellerNewWineExtension;
			productReference = 2FC2A4842ABA0FFD00E7CB90 /* WineCellerNewWineExtension.appex */;
			productType = "com.apple.product-type.app-extension";
		};
/* End PBXNativeTarget section */

/* Begin PBXProject section */
		2F33B49E2AB9D73500F2EB7C /* Project object */ = {
			isa = PBXProject;
			attributes = {
				BuildIndependentTargetsInParallel = 1;
				LastSwiftUpdateCheck = 1430;
				LastUpgradeCheck = 1430;
				TargetAttributes = {
					2F33B4A52AB9D73500F2EB7C = {
						CreatedOnToolsVersion = 14.3.1;
					};
					2F33B4BA2AB9D73800F2EB7C = {
						CreatedOnToolsVersion = 14.3.1;
						TestTargetID = 2F33B4A52AB9D73500F2EB7C;
					};
					2F33B4C42AB9D73800F2EB7C = {
						CreatedOnToolsVersion = 14.3.1;
						TestTargetID = 2F33B4A52AB9D73500F2EB7C;
					};
					2FC2A4832ABA0FFD00E7CB90 = {
						CreatedOnToolsVersion = 14.3.1;
					};
				};
			};
			buildConfigurationList = 2F33B4A12AB9D73500F2EB7C /* Build configuration list for PBXProject "WineCellar" */;
			compatibilityVersion = "Xcode 14.0";
			developmentRegion = en;
			hasScannedForEncodings = 0;
			knownRegions = (
				en,
				Base,
			);
			mainGroup = 2F33B49D2AB9D73500F2EB7C;
			productRefGroup = 2F33B4A72AB9D73500F2EB7C /* Products */;
			projectDirPath = "";
			projectRoot = "";
			targets = (
				2F33B4A52AB9D73500F2EB7C /* WineCellar */,
				2F33B4BA2AB9D73800F2EB7C /* WineCellarTests */,
				2F33B4C42AB9D73800F2EB7C /* WineCellarUITests */,
				2FC2A4832ABA0FFD00E7CB90 /* WineCellerNewWineExtension */,
			);
		};
/* End PBXProject section */

/* Begin PBXResourcesBuildPhase section */
		2F33B4A42AB9D73500F2EB7C /* Resources */ = {
			isa = PBXResourcesBuildPhase;
			buildActionMask = 2147483647;
			files = (
				2F33B4B12AB9D73800F2EB7C /* Preview Assets.xcassets in Resources */,
				2F33B4AE2AB9D73800F2EB7C /* Assets.xcassets in Resources */,
			);
			runOnlyForDeploymentPostprocessing = 0;
		};
		2F33B4B92AB9D73800F2EB7C /* Resources */ = {
			isa = PBXResourcesBuildPhase;
			buildActionMask = 2147483647;
			files = (
			);
			runOnlyForDeploymentPostprocessing = 0;
		};
		2F33B4C32AB9D73800F2EB7C /* Resources */ = {
			isa = PBXResourcesBuildPhase;
			buildActionMask = 2147483647;
			files = (
			);
			runOnlyForDeploymentPostprocessing = 0;
		};
		2FC2A4822ABA0FFD00E7CB90 /* Resources */ = {
			isa = PBXResourcesBuildPhase;
			buildActionMask = 2147483647;
			files = (
				2FC2A4902ABA0FFF00E7CB90 /* Assets.xcassets in Resources */,
			);
			runOnlyForDeploymentPostprocessing = 0;
		};
/* End PBXResourcesBuildPhase section */

/* Begin PBXSourcesBuildPhase section */
		2F33B4A22AB9D73500F2EB7C /* Sources */ = {
			isa = PBXSourcesBuildPhase;
			buildActionMask = 2147483647;
			files = (
				2FC2A47F2ABA07D400E7CB90 /* NavigationStore.swift in Sources */,
				2F33B4B32AB9D73800F2EB7C /* Persistence.swift in Sources */,
				2F33B4DD2AB9D7B900F2EB7C /* AppState.swift in Sources */,
				2FC2A4732ABA016000E7CB90 /* Wine.swift in Sources */,
				2F1FD2732ABA35E900EB383F /* SortOrder.swift in Sources */,
				2FC2A4752ABA017D00E7CB90 /* NewWine.swift in Sources */,
				2FC2A47B2ABA02BC00E7CB90 /* NewWineDetail.swift in Sources */,
				2FC2A46B2AB9E9C800E7CB90 /* WineType.swift in Sources */,
				2FC2A4792ABA026C00E7CB90 /* WineDetail.swift in Sources */,
				2F33B4B62AB9D73800F2EB7C /* WineCellar.xcdatamodeld in Sources */,
				2FAC85DD2ABB091300F41466 /* WineModel.swift in Sources */,
				2F33B4DF2AB9D83900F2EB7C /* MasterView.swift in Sources */,
				2F1FD2712ABA332500EB383F /* FilterView.swift in Sources */,
				2F1FD26F2ABA316B00EB383F /* WineTypePicker.swift in Sources */,
				2FC2A4712ABA013B00E7CB90 /* Route.swift in Sources */,
				2FC2A47D2ABA06B300E7CB90 /* SearchView.swift in Sources */,
				2F33B4AA2AB9D73500F2EB7C /* WineCellarApp.swift in Sources */,
				2FC2A46F2AB9F75300E7CB90 /* ShoppingCart.swift in Sources */,
				2FC2A4772ABA019300E7CB90 /* User.swift in Sources */,
				2F1FD2752ABA369900EB383F /* SortByPicker.swift in Sources */,
			);
			runOnlyForDeploymentPostprocessing = 0;
		};
		2F33B4B72AB9D73800F2EB7C /* Sources */ = {
			isa = PBXSourcesBuildPhase;
			buildActionMask = 2147483647;
			files = (
				2F33B4C02AB9D73800F2EB7C /* WineCellarTests.swift in Sources */,
			);
			runOnlyForDeploymentPostprocessing = 0;
		};
		2F33B4C12AB9D73800F2EB7C /* Sources */ = {
			isa = PBXSourcesBuildPhase;
			buildActionMask = 2147483647;
			files = (
				2F33B4CC2AB9D73800F2EB7C /* WineCellarUITestsLaunchTests.swift in Sources */,
				2F33B4CA2AB9D73800F2EB7C /* WineCellarUITests.swift in Sources */,
			);
			runOnlyForDeploymentPostprocessing = 0;
		};
		2FC2A4802ABA0FFD00E7CB90 /* Sources */ = {
			isa = PBXSourcesBuildPhase;
			buildActionMask = 2147483647;
			files = (
				2FC2A4992ABA109500E7CB90 /* NewWine.swift in Sources */,
				2FC2A48C2ABA0FFD00E7CB90 /* WineCellerNewWineBundle.swift in Sources */,
				2FC2A49A2ABA10DA00E7CB90 /* WineType.swift in Sources */,
				2FC2A48E2ABA0FFD00E7CB90 /* WineCellerNewWine.swift in Sources */,
			);
			runOnlyForDeploymentPostprocessing = 0;
		};
/* End PBXSourcesBuildPhase section */

/* Begin PBXTargetDependency section */
		2F33B4BD2AB9D73800F2EB7C /* PBXTargetDependency */ = {
			isa = PBXTargetDependency;
			target = 2F33B4A52AB9D73500F2EB7C /* WineCellar */;
			targetProxy = 2F33B4BC2AB9D73800F2EB7C /* PBXContainerItemProxy */;
		};
		2F33B4C72AB9D73800F2EB7C /* PBXTargetDependency */ = {
			isa = PBXTargetDependency;
			target = 2F33B4A52AB9D73500F2EB7C /* WineCellar */;
			targetProxy = 2F33B4C62AB9D73800F2EB7C /* PBXContainerItemProxy */;
		};
		2FC2A4932ABA0FFF00E7CB90 /* PBXTargetDependency */ = {
			isa = PBXTargetDependency;
			target = 2FC2A4832ABA0FFD00E7CB90 /* WineCellerNewWineExtension */;
			targetProxy = 2FC2A4922ABA0FFF00E7CB90 /* PBXContainerItemProxy */;
		};
/* End PBXTargetDependency section */

/* Begin XCBuildConfiguration section */
		2F33B4CD2AB9D73800F2EB7C /* Debug */ = {
			isa = XCBuildConfiguration;
			buildSettings = {
				ALWAYS_SEARCH_USER_PATHS = NO;
				CLANG_ANALYZER_NONNULL = YES;
				CLANG_ANALYZER_NUMBER_OBJECT_CONVERSION = YES_AGGRESSIVE;
				CLANG_CXX_LANGUAGE_STANDARD = "gnu++20";
				CLANG_ENABLE_MODULES = YES;
				CLANG_ENABLE_OBJC_ARC = YES;
				CLANG_ENABLE_OBJC_WEAK = YES;
				CLANG_WARN_BLOCK_CAPTURE_AUTORELEASING = YES;
				CLANG_WARN_BOOL_CONVERSION = YES;
				CLANG_WARN_COMMA = YES;
				CLANG_WARN_CONSTANT_CONVERSION = YES;
				CLANG_WARN_DEPRECATED_OBJC_IMPLEMENTATIONS = YES;
				CLANG_WARN_DIRECT_OBJC_ISA_USAGE = YES_ERROR;
				CLANG_WARN_DOCUMENTATION_COMMENTS = YES;
				CLANG_WARN_EMPTY_BODY = YES;
				CLANG_WARN_ENUM_CONVERSION = YES;
				CLANG_WARN_INFINITE_RECURSION = YES;
				CLANG_WARN_INT_CONVERSION = YES;
				CLANG_WARN_NON_LITERAL_NULL_CONVERSION = YES;
				CLANG_WARN_OBJC_IMPLICIT_RETAIN_SELF = YES;
				CLANG_WARN_OBJC_LITERAL_CONVERSION = YES;
				CLANG_WARN_OBJC_ROOT_CLASS = YES_ERROR;
				CLANG_WARN_QUOTED_INCLUDE_IN_FRAMEWORK_HEADER = YES;
				CLANG_WARN_RANGE_LOOP_ANALYSIS = YES;
				CLANG_WARN_STRICT_PROTOTYPES = YES;
				CLANG_WARN_SUSPICIOUS_MOVE = YES;
				CLANG_WARN_UNGUARDED_AVAILABILITY = YES_AGGRESSIVE;
				CLANG_WARN_UNREACHABLE_CODE = YES;
				CLANG_WARN__DUPLICATE_METHOD_MATCH = YES;
				COPY_PHASE_STRIP = NO;
				DEBUG_INFORMATION_FORMAT = dwarf;
				ENABLE_STRICT_OBJC_MSGSEND = YES;
				ENABLE_TESTABILITY = YES;
				GCC_C_LANGUAGE_STANDARD = gnu11;
				GCC_DYNAMIC_NO_PIC = NO;
				GCC_NO_COMMON_BLOCKS = YES;
				GCC_OPTIMIZATION_LEVEL = 0;
				GCC_PREPROCESSOR_DEFINITIONS = (
					"DEBUG=1",
					"$(inherited)",
				);
				GCC_WARN_64_TO_32_BIT_CONVERSION = YES;
				GCC_WARN_ABOUT_RETURN_TYPE = YES_ERROR;
				GCC_WARN_UNDECLARED_SELECTOR = YES;
				GCC_WARN_UNINITIALIZED_AUTOS = YES_AGGRESSIVE;
				GCC_WARN_UNUSED_FUNCTION = YES;
				GCC_WARN_UNUSED_VARIABLE = YES;
				IPHONEOS_DEPLOYMENT_TARGET = 16.0;
				MTL_ENABLE_DEBUG_INFO = INCLUDE_SOURCE;
				MTL_FAST_MATH = YES;
				ONLY_ACTIVE_ARCH = YES;
				SDKROOT = iphoneos;
				SWIFT_ACTIVE_COMPILATION_CONDITIONS = DEBUG;
				SWIFT_OPTIMIZATION_LEVEL = "-Onone";
			};
			name = Debug;
		};
		2F33B4CE2AB9D73800F2EB7C /* Release */ = {
			isa = XCBuildConfiguration;
			buildSettings = {
				ALWAYS_SEARCH_USER_PATHS = NO;
				CLANG_ANALYZER_NONNULL = YES;
				CLANG_ANALYZER_NUMBER_OBJECT_CONVERSION = YES_AGGRESSIVE;
				CLANG_CXX_LANGUAGE_STANDARD = "gnu++20";
				CLANG_ENABLE_MODULES = YES;
				CLANG_ENABLE_OBJC_ARC = YES;
				CLANG_ENABLE_OBJC_WEAK = YES;
				CLANG_WARN_BLOCK_CAPTURE_AUTORELEASING = YES;
				CLANG_WARN_BOOL_CONVERSION = YES;
				CLANG_WARN_COMMA = YES;
				CLANG_WARN_CONSTANT_CONVERSION = YES;
				CLANG_WARN_DEPRECATED_OBJC_IMPLEMENTATIONS = YES;
				CLANG_WARN_DIRECT_OBJC_ISA_USAGE = YES_ERROR;
				CLANG_WARN_DOCUMENTATION_COMMENTS = YES;
				CLANG_WARN_EMPTY_BODY = YES;
				CLANG_WARN_ENUM_CONVERSION = YES;
				CLANG_WARN_INFINITE_RECURSION = YES;
				CLANG_WARN_INT_CONVERSION = YES;
				CLANG_WARN_NON_LITERAL_NULL_CONVERSION = YES;
				CLANG_WARN_OBJC_IMPLICIT_RETAIN_SELF = YES;
				CLANG_WARN_OBJC_LITERAL_CONVERSION = YES;
				CLANG_WARN_OBJC_ROOT_CLASS = YES_ERROR;
				CLANG_WARN_QUOTED_INCLUDE_IN_FRAMEWORK_HEADER = YES;
				CLANG_WARN_RANGE_LOOP_ANALYSIS = YES;
				CLANG_WARN_STRICT_PROTOTYPES = YES;
				CLANG_WARN_SUSPICIOUS_MOVE = YES;
				CLANG_WARN_UNGUARDED_AVAILABILITY = YES_AGGRESSIVE;
				CLANG_WARN_UNREACHABLE_CODE = YES;
				CLANG_WARN__DUPLICATE_METHOD_MATCH = YES;
				COPY_PHASE_STRIP = NO;
				DEBUG_INFORMATION_FORMAT = "dwarf-with-dsym";
				ENABLE_NS_ASSERTIONS = NO;
				ENABLE_STRICT_OBJC_MSGSEND = YES;
				GCC_C_LANGUAGE_STANDARD = gnu11;
				GCC_NO_COMMON_BLOCKS = YES;
				GCC_WARN_64_TO_32_BIT_CONVERSION = YES;
				GCC_WARN_ABOUT_RETURN_TYPE = YES_ERROR;
				GCC_WARN_UNDECLARED_SELECTOR = YES;
				GCC_WARN_UNINITIALIZED_AUTOS = YES_AGGRESSIVE;
				GCC_WARN_UNUSED_FUNCTION = YES;
				GCC_WARN_UNUSED_VARIABLE = YES;
				IPHONEOS_DEPLOYMENT_TARGET = 16.0;
				MTL_ENABLE_DEBUG_INFO = NO;
				MTL_FAST_MATH = YES;
				SDKROOT = iphoneos;
				SWIFT_COMPILATION_MODE = wholemodule;
				SWIFT_OPTIMIZATION_LEVEL = "-O";
				VALIDATE_PRODUCT = YES;
			};
			name = Release;
		};
		2F33B4D02AB9D73800F2EB7C /* Debug */ = {
			isa = XCBuildConfiguration;
			buildSettings = {
				ALWAYS_EMBED_SWIFT_STANDARD_LIBRARIES = YES;
				ASSETCATALOG_COMPILER_APPICON_NAME = AppIcon;
				ASSETCATALOG_COMPILER_GLOBAL_ACCENT_COLOR_NAME = AccentColor;
				CODE_SIGN_STYLE = Automatic;
				CURRENT_PROJECT_VERSION = 1;
				DEVELOPMENT_ASSET_PATHS = "\"WineCellar/Preview Content\"";
				DEVELOPMENT_TEAM = 3G54NEN3F6;
				ENABLE_PREVIEWS = YES;
				GENERATE_INFOPLIST_FILE = YES;
				INFOPLIST_KEY_LSApplicationCategoryType = "public.app-category.food-and-drink";
				INFOPLIST_KEY_UIApplicationSceneManifest_Generation = YES;
				INFOPLIST_KEY_UIApplicationSupportsIndirectInputEvents = YES;
				INFOPLIST_KEY_UILaunchScreen_Generation = YES;
				INFOPLIST_KEY_UIRequiresFullScreen = YES;
				INFOPLIST_KEY_UISupportedInterfaceOrientations = UIInterfaceOrientationPortrait;
				LD_RUNPATH_SEARCH_PATHS = (
					"$(inherited)",
					"@executable_path/Frameworks",
				);
				MARKETING_VERSION = 1.0;
				PRODUCT_BUNDLE_IDENTIFIER = digital.marine.WineCellar;
				PRODUCT_NAME = "$(TARGET_NAME)";
				SWIFT_EMIT_LOC_STRINGS = YES;
				SWIFT_VERSION = 5.0;
				TARGETED_DEVICE_FAMILY = "1,2";
			};
			name = Debug;
		};
		2F33B4D12AB9D73800F2EB7C /* Release */ = {
			isa = XCBuildConfiguration;
			buildSettings = {
				ALWAYS_EMBED_SWIFT_STANDARD_LIBRARIES = YES;
				ASSETCATALOG_COMPILER_APPICON_NAME = AppIcon;
				ASSETCATALOG_COMPILER_GLOBAL_ACCENT_COLOR_NAME = AccentColor;
				CODE_SIGN_STYLE = Automatic;
				CURRENT_PROJECT_VERSION = 1;
				DEVELOPMENT_ASSET_PATHS = "\"WineCellar/Preview Content\"";
				DEVELOPMENT_TEAM = 3G54NEN3F6;
				ENABLE_PREVIEWS = YES;
				GENERATE_INFOPLIST_FILE = YES;
				INFOPLIST_KEY_LSApplicationCategoryType = "public.app-category.food-and-drink";
				INFOPLIST_KEY_UIApplicationSceneManifest_Generation = YES;
				INFOPLIST_KEY_UIApplicationSupportsIndirectInputEvents = YES;
				INFOPLIST_KEY_UILaunchScreen_Generation = YES;
				INFOPLIST_KEY_UIRequiresFullScreen = YES;
				INFOPLIST_KEY_UISupportedInterfaceOrientations = UIInterfaceOrientationPortrait;
				LD_RUNPATH_SEARCH_PATHS = (
					"$(inherited)",
					"@executable_path/Frameworks",
				);
				MARKETING_VERSION = 1.0;
				PRODUCT_BUNDLE_IDENTIFIER = digital.marine.WineCellar;
				PRODUCT_NAME = "$(TARGET_NAME)";
				SWIFT_EMIT_LOC_STRINGS = YES;
				SWIFT_VERSION = 5.0;
				TARGETED_DEVICE_FAMILY = "1,2";
			};
			name = Release;
		};
		2F33B4D32AB9D73800F2EB7C /* Debug */ = {
			isa = XCBuildConfiguration;
			buildSettings = {
				ALWAYS_EMBED_SWIFT_STANDARD_LIBRARIES = YES;
				BUNDLE_LOADER = "$(TEST_HOST)";
				CODE_SIGN_STYLE = Automatic;
				CURRENT_PROJECT_VERSION = 1;
				DEVELOPMENT_TEAM = 3G54NEN3F6;
				GENERATE_INFOPLIST_FILE = YES;
				IPHONEOS_DEPLOYMENT_TARGET = 16.4;
				MARKETING_VERSION = 1.0;
				PRODUCT_BUNDLE_IDENTIFIER = digital.marine.WineCellarTests;
				PRODUCT_NAME = "$(TARGET_NAME)";
				SWIFT_EMIT_LOC_STRINGS = NO;
				SWIFT_VERSION = 5.0;
				TARGETED_DEVICE_FAMILY = "1,2";
				TEST_HOST = "$(BUILT_PRODUCTS_DIR)/WineCellar.app/$(BUNDLE_EXECUTABLE_FOLDER_PATH)/WineCellar";
			};
			name = Debug;
		};
		2F33B4D42AB9D73800F2EB7C /* Release */ = {
			isa = XCBuildConfiguration;
			buildSettings = {
				ALWAYS_EMBED_SWIFT_STANDARD_LIBRARIES = YES;
				BUNDLE_LOADER = "$(TEST_HOST)";
				CODE_SIGN_STYLE = Automatic;
				CURRENT_PROJECT_VERSION = 1;
				DEVELOPMENT_TEAM = 3G54NEN3F6;
				GENERATE_INFOPLIST_FILE = YES;
				IPHONEOS_DEPLOYMENT_TARGET = 16.4;
				MARKETING_VERSION = 1.0;
				PRODUCT_BUNDLE_IDENTIFIER = digital.marine.WineCellarTests;
				PRODUCT_NAME = "$(TARGET_NAME)";
				SWIFT_EMIT_LOC_STRINGS = NO;
				SWIFT_VERSION = 5.0;
				TARGETED_DEVICE_FAMILY = "1,2";
				TEST_HOST = "$(BUILT_PRODUCTS_DIR)/WineCellar.app/$(BUNDLE_EXECUTABLE_FOLDER_PATH)/WineCellar";
			};
			name = Release;
		};
		2F33B4D62AB9D73800F2EB7C /* Debug */ = {
			isa = XCBuildConfiguration;
			buildSettings = {
				ALWAYS_EMBED_SWIFT_STANDARD_LIBRARIES = YES;
				CODE_SIGN_STYLE = Automatic;
				CURRENT_PROJECT_VERSION = 1;
				DEVELOPMENT_TEAM = 3G54NEN3F6;
				GENERATE_INFOPLIST_FILE = YES;
				MARKETING_VERSION = 1.0;
				PRODUCT_BUNDLE_IDENTIFIER = digital.marine.WineCellarUITests;
				PRODUCT_NAME = "$(TARGET_NAME)";
				SWIFT_EMIT_LOC_STRINGS = NO;
				SWIFT_VERSION = 5.0;
				TARGETED_DEVICE_FAMILY = "1,2";
				TEST_TARGET_NAME = WineCellar;
			};
			name = Debug;
		};
		2F33B4D72AB9D73800F2EB7C /* Release */ = {
			isa = XCBuildConfiguration;
			buildSettings = {
				ALWAYS_EMBED_SWIFT_STANDARD_LIBRARIES = YES;
				CODE_SIGN_STYLE = Automatic;
				CURRENT_PROJECT_VERSION = 1;
				DEVELOPMENT_TEAM = 3G54NEN3F6;
				GENERATE_INFOPLIST_FILE = YES;
				MARKETING_VERSION = 1.0;
				PRODUCT_BUNDLE_IDENTIFIER = digital.marine.WineCellarUITests;
				PRODUCT_NAME = "$(TARGET_NAME)";
				SWIFT_EMIT_LOC_STRINGS = NO;
				SWIFT_VERSION = 5.0;
				TARGETED_DEVICE_FAMILY = "1,2";
				TEST_TARGET_NAME = WineCellar;
			};
			name = Release;
		};
		2FC2A4962ABA0FFF00E7CB90 /* Debug */ = {
			isa = XCBuildConfiguration;
			buildSettings = {
				ASSETCATALOG_COMPILER_GLOBAL_ACCENT_COLOR_NAME = AccentColor;
				ASSETCATALOG_COMPILER_WIDGET_BACKGROUND_COLOR_NAME = WidgetBackground;
				CODE_SIGN_STYLE = Automatic;
				CURRENT_PROJECT_VERSION = 1;
				DEVELOPMENT_TEAM = 3G54NEN3F6;
				GENERATE_INFOPLIST_FILE = YES;
				INFOPLIST_FILE = WineCellerNewWine/Info.plist;
				INFOPLIST_KEY_CFBundleDisplayName = WineCellerNewWine;
				INFOPLIST_KEY_NSHumanReadableCopyright = "";
				LD_RUNPATH_SEARCH_PATHS = (
					"$(inherited)",
					"@executable_path/Frameworks",
					"@executable_path/../../Frameworks",
				);
				MARKETING_VERSION = 1.0;
				PRODUCT_BUNDLE_IDENTIFIER = digital.marine.WineCellar.WineCellerNewWine;
				PRODUCT_NAME = "$(TARGET_NAME)";
				SKIP_INSTALL = YES;
				SWIFT_EMIT_LOC_STRINGS = YES;
				SWIFT_VERSION = 5.0;
				TARGETED_DEVICE_FAMILY = "1,2";
			};
			name = Debug;
		};
		2FC2A4972ABA0FFF00E7CB90 /* Release */ = {
			isa = XCBuildConfiguration;
			buildSettings = {
				ASSETCATALOG_COMPILER_GLOBAL_ACCENT_COLOR_NAME = AccentColor;
				ASSETCATALOG_COMPILER_WIDGET_BACKGROUND_COLOR_NAME = WidgetBackground;
				CODE_SIGN_STYLE = Automatic;
				CURRENT_PROJECT_VERSION = 1;
				DEVELOPMENT_TEAM = 3G54NEN3F6;
				GENERATE_INFOPLIST_FILE = YES;
				INFOPLIST_FILE = WineCellerNewWine/Info.plist;
				INFOPLIST_KEY_CFBundleDisplayName = WineCellerNewWine;
				INFOPLIST_KEY_NSHumanReadableCopyright = "";
				LD_RUNPATH_SEARCH_PATHS = (
					"$(inherited)",
					"@executable_path/Frameworks",
					"@executable_path/../../Frameworks",
				);
				MARKETING_VERSION = 1.0;
				PRODUCT_BUNDLE_IDENTIFIER = digital.marine.WineCellar.WineCellerNewWine;
				PRODUCT_NAME = "$(TARGET_NAME)";
				SKIP_INSTALL = YES;
				SWIFT_EMIT_LOC_STRINGS = YES;
				SWIFT_VERSION = 5.0;
				TARGETED_DEVICE_FAMILY = "1,2";
			};
			name = Release;
		};
/* End XCBuildConfiguration section */

/* Begin XCConfigurationList section */
		2F33B4A12AB9D73500F2EB7C /* Build configuration list for PBXProject "WineCellar" */ = {
			isa = XCConfigurationList;
			buildConfigurations = (
				2F33B4CD2AB9D73800F2EB7C /* Debug */,
				2F33B4CE2AB9D73800F2EB7C /* Release */,
			);
			defaultConfigurationIsVisible = 0;
			defaultConfigurationName = Release;
		};
		2F33B4CF2AB9D73800F2EB7C /* Build configuration list for PBXNativeTarget "WineCellar" */ = {
			isa = XCConfigurationList;
			buildConfigurations = (
				2F33B4D02AB9D73800F2EB7C /* Debug */,
				2F33B4D12AB9D73800F2EB7C /* Release */,
			);
			defaultConfigurationIsVisible = 0;
			defaultConfigurationName = Release;
		};
		2F33B4D22AB9D73800F2EB7C /* Build configuration list for PBXNativeTarget "WineCellarTests" */ = {
			isa = XCConfigurationList;
			buildConfigurations = (
				2F33B4D32AB9D73800F2EB7C /* Debug */,
				2F33B4D42AB9D73800F2EB7C /* Release */,
			);
			defaultConfigurationIsVisible = 0;
			defaultConfigurationName = Release;
		};
		2F33B4D52AB9D73800F2EB7C /* Build configuration list for PBXNativeTarget "WineCellarUITests" */ = {
			isa = XCConfigurationList;
			buildConfigurations = (
				2F33B4D62AB9D73800F2EB7C /* Debug */,
				2F33B4D72AB9D73800F2EB7C /* Release */,
			);
			defaultConfigurationIsVisible = 0;
			defaultConfigurationName = Release;
		};
		2FC2A4952ABA0FFF00E7CB90 /* Build configuration list for PBXNativeTarget "WineCellerNewWineExtension" */ = {
			isa = XCConfigurationList;
			buildConfigurations = (
				2FC2A4962ABA0FFF00E7CB90 /* Debug */,
				2FC2A4972ABA0FFF00E7CB90 /* Release */,
			);
			defaultConfigurationIsVisible = 0;
			defaultConfigurationName = Release;
		};
/* End XCConfigurationList section */

/* Begin XCVersionGroup section */
		2F33B4B42AB9D73800F2EB7C /* WineCellar.xcdatamodeld */ = {
			isa = XCVersionGroup;
			children = (
				2F33B4B52AB9D73800F2EB7C /* WineCellar.xcdatamodel */,
			);
			currentVersion = 2F33B4B52AB9D73800F2EB7C /* WineCellar.xcdatamodel */;
			path = WineCellar.xcdatamodeld;
			sourceTree = "<group>";
			versionGroupType = wrapper.xcdatamodel;
		};
/* End XCVersionGroup section */
	};
	rootObject = 2F33B49E2AB9D73500F2EB7C /* Project object */;
}
